
Microsoft Visual Studio Solution File, Format Version 12.00
# Visual Studio Version 17
VisualStudioVersion = 17.4.33110.190
MinimumVisualStudioVersion = 10.0.40219.1
Project("{2150E333-8FDC-42A3-9474-1A3956D46DE8}") = "src", "src", "{D8AEB83A-51C3-44EC-8471-1911D389F46D}"
EndProject
Project("{2150E333-8FDC-42A3-9474-1A3956D46DE8}") = "tests", "tests", "{FCABA6DE-646A-4940-A340-CBC0391055EF}"
EndProject
Project("{2150E333-8FDC-42A3-9474-1A3956D46DE8}") = "Backend", "Backend", "{BC615C46-562B-4E87-A599-178EBFC53A04}"
EndProject
Project("{2150E333-8FDC-42A3-9474-1A3956D46DE8}") = "Shared", "Shared", "{29E1891E-F3BA-4803-9234-0E4C8A119966}"
EndProject
Project("{FAE04EC0-301F-11D3-BF4B-00C04F79EFBC}") = "APIReceitas.Comunicacao", "src\Shared\APIReceitas.Comunicacao\APIReceitas.Comunicacao.csproj", "{0AA5F6C7-9FBB-40A8-8020-20BF1835EC5A}"
EndProject
Project("{FAE04EC0-301F-11D3-BF4B-00C04F79EFBC}") = "APIReceitas.Excecoes", "src\Shared\APIReceitas.Excecoes\APIReceitas.Excecoes.csproj", "{8345E656-B44F-49F4-9837-40C66078C0A9}"
EndProject
Project("{FAE04EC0-301F-11D3-BF4B-00C04F79EFBC}") = "APIReceitas.Aplication", "src\Backend\APIReceitas.Aplication\APIReceitas.Aplication.csproj", "{118DD56A-95BE-4237-9C86-6CD4151E83BB}"
EndProject
Project("{FAE04EC0-301F-11D3-BF4B-00C04F79EFBC}") = "Domain", "src\Backend\Domain\Domain.csproj", "{21F2C51D-DA1C-47F6-90EB-FD235F2DB3C5}"
EndProject
Project("{FAE04EC0-301F-11D3-BF4B-00C04F79EFBC}") = "APIReceitas.Infraestrutura", "src\Backend\APIReceitas.Infraestrutura\APIReceitas.Infraestrutura.csproj", "{AE4FC09E-59E2-4454-94EC-B024340220F3}"
EndProject
Project("{FAE04EC0-301F-11D3-BF4B-00C04F79EFBC}") = "APIReceitas.Aplicacao", "src\Backend\APIReceitas.Aplicacao\APIReceitas.Aplicacao.csproj", "{3E3309F7-26AD-43D5-9F22-B2E62F5B2AC6}"
EndProject
Project("{FAE04EC0-301F-11D3-BF4B-00C04F79EFBC}") = "Validaditions.Tests", "tests\Validaditions.Tests\Validaditions.Tests.csproj", "{C6E4B02C-928C-44B4-ACE3-EB3232CD09D2}"
EndProject
Project("{FAE04EC0-301F-11D3-BF4B-00C04F79EFBC}") = "RegraNegocio.Test", "tests\RegraNegocio.Test\RegraNegocio.Test.csproj", "{373A6F2D-F02B-49EE-9C0B-71F03C209908}"
EndProject
Project("{FAE04EC0-301F-11D3-BF4B-00C04F79EFBC}") = "WebApiTest", "tests\WebApiTest\WebApiTest.csproj", "{3B2D27C9-D42F-4827-BD61-C14F03B105BE}"
EndProject
Global
	GlobalSection(SolutionConfigurationPlatforms) = preSolution
		Debug|Any CPU = Debug|Any CPU
		Release|Any CPU = Release|Any CPU
	EndGlobalSection
	GlobalSection(ProjectConfigurationPlatforms) = postSolution
		{0AA5F6C7-9FBB-40A8-8020-20BF1835EC5A}.Debug|Any CPU.ActiveCfg = Debug|Any CPU
		{0AA5F6C7-9FBB-40A8-8020-20BF1835EC5A}.Debug|Any CPU.Build.0 = Debug|Any CPU
		{0AA5F6C7-9FBB-40A8-8020-20BF1835EC5A}.Release|Any CPU.ActiveCfg = Release|Any CPU
		{0AA5F6C7-9FBB-40A8-8020-20BF1835EC5A}.Release|Any CPU.Build.0 = Release|Any CPU
		{8345E656-B44F-49F4-9837-40C66078C0A9}.Debug|Any CPU.ActiveCfg = Debug|Any CPU
		{8345E656-B44F-49F4-9837-40C66078C0A9}.Debug|Any CPU.Build.0 = Debug|Any CPU
		{8345E656-B44F-49F4-9837-40C66078C0A9}.Release|Any CPU.ActiveCfg = Release|Any CPU
		{8345E656-B44F-49F4-9837-40C66078C0A9}.Release|Any CPU.Build.0 = Release|Any CPU
		{118DD56A-95BE-4237-9C86-6CD4151E83BB}.Debug|Any CPU.ActiveCfg = Debug|Any CPU
		{118DD56A-95BE-4237-9C86-6CD4151E83BB}.Debug|Any CPU.Build.0 = Debug|Any CPU
		{118DD56A-95BE-4237-9C86-6CD4151E83BB}.Release|Any CPU.ActiveCfg = Release|Any CPU
		{118DD56A-95BE-4237-9C86-6CD4151E83BB}.Release|Any CPU.Build.0 = Release|Any CPU
		{21F2C51D-DA1C-47F6-90EB-FD235F2DB3C5}.Debug|Any CPU.ActiveCfg = Debug|Any CPU
		{21F2C51D-DA1C-47F6-90EB-FD235F2DB3C5}.Debug|Any CPU.Build.0 = Debug|Any CPU
		{21F2C51D-DA1C-47F6-90EB-FD235F2DB3C5}.Release|Any CPU.ActiveCfg = Release|Any CPU
		{21F2C51D-DA1C-47F6-90EB-FD235F2DB3C5}.Release|Any CPU.Build.0 = Release|Any CPU
		{AE4FC09E-59E2-4454-94EC-B024340220F3}.Debug|Any CPU.ActiveCfg = Debug|Any CPU
		{AE4FC09E-59E2-4454-94EC-B024340220F3}.Debug|Any CPU.Build.0 = Debug|Any CPU
		{AE4FC09E-59E2-4454-94EC-B024340220F3}.Release|Any CPU.ActiveCfg = Release|Any CPU
		{AE4FC09E-59E2-4454-94EC-B024340220F3}.Release|Any CPU.Build.0 = Release|Any CPU
		{3E3309F7-26AD-43D5-9F22-B2E62F5B2AC6}.Debug|Any CPU.ActiveCfg = Debug|Any CPU
		{3E3309F7-26AD-43D5-9F22-B2E62F5B2AC6}.Debug|Any CPU.Build.0 = Debug|Any CPU
		{3E3309F7-26AD-43D5-9F22-B2E62F5B2AC6}.Release|Any CPU.ActiveCfg = Release|Any CPU
		{3E3309F7-26AD-43D5-9F22-B2E62F5B2AC6}.Release|Any CPU.Build.0 = Release|Any CPU
		{C6E4B02C-928C-44B4-ACE3-EB3232CD09D2}.Debug|Any CPU.ActiveCfg = Debug|Any CPU
		{C6E4B02C-928C-44B4-ACE3-EB3232CD09D2}.Debug|Any CPU.Build.0 = Debug|Any CPU
		{C6E4B02C-928C-44B4-ACE3-EB3232CD09D2}.Release|Any CPU.ActiveCfg = Release|Any CPU
		{C6E4B02C-928C-44B4-ACE3-EB3232CD09D2}.Release|Any CPU.Build.0 = Release|Any CPU
		{373A6F2D-F02B-49EE-9C0B-71F03C209908}.Debug|Any CPU.ActiveCfg = Debug|Any CPU
		{373A6F2D-F02B-49EE-9C0B-71F03C209908}.Debug|Any CPU.Build.0 = Debug|Any CPU
		{373A6F2D-F02B-49EE-9C0B-71F03C209908}.Release|Any CPU.ActiveCfg = Release|Any CPU
		{373A6F2D-F02B-49EE-9C0B-71F03C209908}.Release|Any CPU.Build.0 = Release|Any CPU
		{3B2D27C9-D42F-4827-BD61-C14F03B105BE}.Debug|Any CPU.ActiveCfg = Debug|Any CPU
		{3B2D27C9-D42F-4827-BD61-C14F03B105BE}.Debug|Any CPU.Build.0 = Debug|Any CPU
		{3B2D27C9-D42F-4827-BD61-C14F03B105BE}.Release|Any CPU.ActiveCfg = Release|Any CPU
		{3B2D27C9-D42F-4827-BD61-C14F03B105BE}.Release|Any CPU.Build.0 = Release|Any CPU
	EndGlobalSection
	GlobalSection(SolutionProperties) = preSolution
		HideSolutionNode = FALSE
	EndGlobalSection
	GlobalSection(NestedProjects) = preSolution
		{BC615C46-562B-4E87-A599-178EBFC53A04} = {D8AEB83A-51C3-44EC-8471-1911D389F46D}
		{29E1891E-F3BA-4803-9234-0E4C8A119966} = {D8AEB83A-51C3-44EC-8471-1911D389F46D}
		{0AA5F6C7-9FBB-40A8-8020-20BF1835EC5A} = {29E1891E-F3BA-4803-9234-0E4C8A119966}
		{8345E656-B44F-49F4-9837-40C66078C0A9} = {29E1891E-F3BA-4803-9234-0E4C8A119966}
		{118DD56A-95BE-4237-9C86-6CD4151E83BB} = {BC615C46-562B-4E87-A599-178EBFC53A04}
		{21F2C51D-DA1C-47F6-90EB-FD235F2DB3C5} = {BC615C46-562B-4E87-A599-178EBFC53A04}
		{AE4FC09E-59E2-4454-94EC-B024340220F3} = {BC615C46-562B-4E87-A599-178EBFC53A04}
		{3E3309F7-26AD-43D5-9F22-B2E62F5B2AC6} = {BC615C46-562B-4E87-A599-178EBFC53A04}
		{C6E4B02C-928C-44B4-ACE3-EB3232CD09D2} = {FCABA6DE-646A-4940-A340-CBC0391055EF}
		{373A6F2D-F02B-49EE-9C0B-71F03C209908} = {FCABA6DE-646A-4940-A340-CBC0391055EF}
		{3B2D27C9-D42F-4827-BD61-C14F03B105BE} = {FCABA6DE-646A-4940-A340-CBC0391055EF}
	EndGlobalSection
	GlobalSection(ExtensibilityGlobals) = postSolution
		SolutionGuid = {49AD9AE0-BD42-4EEB-AABD-63AB09CB3A9C}
	EndGlobalSection
EndGlobal
